dependencies:
- name: redis
  repository: https://charts.bitnami.com/bitnami
  version: 16.12.2
- name: solr
  repository: https://charts.bitnami.com/bitnami
  version: 4.1.2
- name: postgresql
  repository: https://charts.bitnami.com/bitnami
  version: 11.6.6
- name: datapusher
  repository: https://keitaro-charts.storage.googleapis.com
  version: 1.0.0
digest: sha256:d1c5f7fb523d5757abd83527a3ea5e942c5860430767a9c180a0dc7f0815228f
generated: "2022-06-15T23:14:01.637188+02:00"
