dependencies:
- name: redis
  repository: https://charts.bitnami.com/bitnami
  version: 16.12.1
- name: solr
  repository: https://charts.bitnami.com/bitnami
  version: 4.1.2
- name: postgresql
  repository: https://charts.bitnami.com/bitnami
  version: 11.6.6
- name: datapusher
  repository: https://keitaro-charts.storage.googleapis.com
  version: 1.0.0
digest: sha256:faaf432f4487d589b9d2636deb71bc4dbdfcb84b688fae0709195521a4a4bb65
generated: "2022-06-13T20:10:21.084047+02:00"
