dependencies:
- name: redis
  repository: https://charts.bitnami.com/bitnami
  version: 16.12.2
- name: solr
  repository: https://charts.bitnami.com/bitnami
  version: 4.1.2
- name: postgresql
  repository: https://charts.bitnami.com/bitnami
  version: 11.6.6
- name: datapusher
  repository: https://imjoseangel.eu/ckan-helm
  version: 1.0.0
digest: sha256:b8b537bc2e889728fca62722f87ebe1951bef645bd0c512601f0a51d3fa46cb9
generated: "2022-06-15T23:15:06.788388+02:00"
